// !$*UTF8*$!
{
	archiveVersion = 1;
	classes = {
	};
	objectVersion = 50;
	objects = {

/* Begin PBXBuildFile section */
		690F261023D158C900F1C1F8 /* AppDelegate.m in Sources */ = {isa = PBXBuildFile; fileRef = 690F260F23D158C900F1C1F8 /* AppDelegate.m */; };
		690F261323D158C900F1C1F8 /* SceneDelegate.m in Sources */ = {isa = PBXBuildFile; fileRef = 690F261223D158C900F1C1F8 /* SceneDelegate.m */; };
		690F261623D158C900F1C1F8 /* ViewController.m in Sources */ = {isa = PBXBuildFile; fileRef = 690F261523D158C900F1C1F8 /* ViewController.m */; };
		690F261923D158C900F1C1F8 /* Main.storyboard in Resources */ = {isa = PBXBuildFile; fileRef = 690F261723D158C900F1C1F8 /* Main.storyboard */; };
		690F261B23D158CA00F1C1F8 /* Assets.xcassets in Resources */ = {isa = PBXBuildFile; fileRef = 690F261A23D158CA00F1C1F8 /* Assets.xcassets */; };
		690F261E23D158CA00F1C1F8 /* LaunchScreen.storyboard in Resources */ = {isa = PBXBuildFile; fileRef = 690F261C23D158CA00F1C1F8 /* LaunchScreen.storyboard */; };
		690F262123D158CA00F1C1F8 /* main.m in Sources */ = {isa = PBXBuildFile; fileRef = 690F262023D158CA00F1C1F8 /* main.m */; };
		690F262B23D158CA00F1C1F8 /* XHAbyssGazerDemoTests.m in Sources */ = {isa = PBXBuildFile; fileRef = 690F262A23D158CA00F1C1F8 /* XHAbyssGazerDemoTests.m */; };
		690F263623D158CA00F1C1F8 /* XHAbyssGazerDemoUITests.m in Sources */ = {isa = PBXBuildFile; fileRef = 690F263523D158CA00F1C1F8 /* XHAbyssGazerDemoUITests.m */; };
		690F265523D1597100F1C1F8 /* XHAbyssGazerAgainstInjectTask.m in Sources */ = {isa = PBXBuildFile; fileRef = 690F264523D1597100F1C1F8 /* XHAbyssGazerAgainstInjectTask.m */; };
		690F265623D1597100F1C1F8 /* XHAbyssGazerUtils.m in Sources */ = {isa = PBXBuildFile; fileRef = 690F264723D1597100F1C1F8 /* XHAbyssGazerUtils.m */; };
		690F265723D1597100F1C1F8 /* XHGazerSecurityInfoModel.m in Sources */ = {isa = PBXBuildFile; fileRef = 690F264823D1597100F1C1F8 /* XHGazerSecurityInfoModel.m */; };
		690F265823D1597100F1C1F8 /* XHAbyssGazerAgainstDebugTask.m in Sources */ = {isa = PBXBuildFile; fileRef = 690F264923D1597100F1C1F8 /* XHAbyssGazerAgainstDebugTask.m */; };
		690F265923D1597100F1C1F8 /* XHAbyssGazerSecurityTask.m in Sources */ = {isa = PBXBuildFile; fileRef = 690F264D23D1597100F1C1F8 /* XHAbyssGazerSecurityTask.m */; };
		690F265A23D1597100F1C1F8 /* XHAbyssGazerHooker.m in Sources */ = {isa = PBXBuildFile; fileRef = 690F265223D1597100F1C1F8 /* XHAbyssGazerHooker.m */; };
		690F265B23D1597100F1C1F8 /* XHAbyssGazerTaskEngine.m in Sources */ = {isa = PBXBuildFile; fileRef = 690F265323D1597100F1C1F8 /* XHAbyssGazerTaskEngine.m */; };
		A0A3E5A6E2D6DD247490B849 /* libPods-XHAbyssGazerDemo.a in Frameworks */ = {isa = PBXBuildFile; fileRef = AF6F8B1EB25F7A51BF3D95F4 /* libPods-XHAbyssGazerDemo.a */; };
/* End PBXBuildFile section */

/* Begin PBXContainerItemProxy section */
		690F262723D158CA00F1C1F8 /* PBXContainerItemProxy */ = {
			isa = PBXContainerItemProxy;
			containerPortal = 690F260323D158C900F1C1F8 /* Project object */;
			proxyType = 1;
			remoteGlobalIDString = 690F260A23D158C900F1C1F8;
			remoteInfo = XHAbyssGazerDemo;
		};
		690F263223D158CA00F1C1F8 /* PBXContainerItemProxy */ = {
			isa = PBXContainerItemProxy;
			containerPortal = 690F260323D158C900F1C1F8 /* Project object */;
			proxyType = 1;
			remoteGlobalIDString = 690F260A23D158C900F1C1F8;
			remoteInfo = XHAbyssGazerDemo;
		};
/* End PBXContainerItemProxy section */

/* Begin PBXFileReference section */
		690F260B23D158C900F1C1F8 /* XHAbyssGazerDemo.app */ = {isa = PBXFileReference; explicitFileType = wrapper.application; includeInIndex = 0; path = XHAbyssGazerDemo.app; sourceTree = BUILT_PRODUCTS_DIR; };
		690F260E23D158C900F1C1F8 /* AppDelegate.h */ = {isa = PBXFileReference; lastKnownFileType = sourcecode.c.h; path = AppDelegate.h; sourceTree = "<group>"; };
		690F260F23D158C900F1C1F8 /* AppDelegate.m */ = {isa = PBXFileReference; lastKnownFileType = sourcecode.c.objc; path = AppDelegate.m; sourceTree = "<group>"; };
		690F261123D158C900F1C1F8 /* SceneDelegate.h */ = {isa = PBXFileReference; lastKnownFileType = sourcecode.c.h; path = SceneDelegate.h; sourceTree = "<group>"; };
		690F261223D158C900F1C1F8 /* SceneDelegate.m */ = {isa = PBXFileReference; lastKnownFileType = sourcecode.c.objc; path = SceneDelegate.m; sourceTree = "<group>"; };
		690F261423D158C900F1C1F8 /* ViewController.h */ = {isa = PBXFileReference; lastKnownFileType = sourcecode.c.h; path = ViewController.h; sourceTree = "<group>"; };
		690F261523D158C900F1C1F8 /* ViewController.m */ = {isa = PBXFileReference; lastKnownFileType = sourcecode.c.objc; path = ViewController.m; sourceTree = "<group>"; };
		690F261823D158C900F1C1F8 /* Base */ = {isa = PBXFileReference; lastKnownFileType = file.storyboard; name = Base; path = Base.lproj/Main.storyboard; sourceTree = "<group>"; };
		690F261A23D158CA00F1C1F8 /* Assets.xcassets */ = {isa = PBXFileReference; lastKnownFileType = folder.assetcatalog; path = Assets.xcassets; sourceTree = "<group>"; };
		690F261D23D158CA00F1C1F8 /* Base */ = {isa = PBXFileReference; lastKnownFileType = file.storyboard; name = Base; path = Base.lproj/LaunchScreen.storyboard; sourceTree = "<group>"; };
		690F261F23D158CA00F1C1F8 /* Info.plist */ = {isa = PBXFileReference; lastKnownFileType = text.plist.xml; path = Info.plist; sourceTree = "<group>"; };
		690F262023D158CA00F1C1F8 /* main.m */ = {isa = PBXFileReference; lastKnownFileType = sourcecode.c.objc; path = main.m; sourceTree = "<group>"; };
		690F262623D158CA00F1C1F8 /* XHAbyssGazerDemoTests.xctest */ = {isa = PBXFileReference; explicitFileType = wrapper.cfbundle; includeInIndex = 0; path = XHAbyssGazerDemoTests.xctest; sourceTree = BUILT_PRODUCTS_DIR; };
		690F262A23D158CA00F1C1F8 /* XHAbyssGazerDemoTests.m */ = {isa = PBXFileReference; lastKnownFileType = sourcecode.c.objc; path = XHAbyssGazerDemoTests.m; sourceTree = "<group>"; };
		690F262C23D158CA00F1C1F8 /* Info.plist */ = {isa = PBXFileReference; lastKnownFileType = text.plist.xml; path = Info.plist; sourceTree = "<group>"; };
		690F263123D158CA00F1C1F8 /* XHAbyssGazerDemoUITests.xctest */ = {isa = PBXFileReference; explicitFileType = wrapper.cfbundle; includeInIndex = 0; path = XHAbyssGazerDemoUITests.xctest; sourceTree = BUILT_PRODUCTS_DIR; };
		690F263523D158CA00F1C1F8 /* XHAbyssGazerDemoUITests.m */ = {isa = PBXFileReference; lastKnownFileType = sourcecode.c.objc; path = XHAbyssGazerDemoUITests.m; sourceTree = "<group>"; };
		690F263723D158CA00F1C1F8 /* Info.plist */ = {isa = PBXFileReference; lastKnownFileType = text.plist.xml; path = Info.plist; sourceTree = "<group>"; };
		690F264523D1597100F1C1F8 /* XHAbyssGazerAgainstInjectTask.m */ = {isa = PBXFileReference; fileEncoding = 4; lastKnownFileType = sourcecode.c.objc; path = XHAbyssGazerAgainstInjectTask.m; sourceTree = "<group>"; };
		690F264623D1597100F1C1F8 /* XHAbyssGazerSecurityTask.h */ = {isa = PBXFileReference; fileEncoding = 4; lastKnownFileType = sourcecode.c.h; path = XHAbyssGazerSecurityTask.h; sourceTree = "<group>"; };
		690F264723D1597100F1C1F8 /* XHAbyssGazerUtils.m */ = {isa = PBXFileReference; fileEncoding = 4; lastKnownFileType = sourcecode.c.objc; path = XHAbyssGazerUtils.m; sourceTree = "<group>"; };
		690F264823D1597100F1C1F8 /* XHGazerSecurityInfoModel.m */ = {isa = PBXFileReference; fileEncoding = 4; lastKnownFileType = sourcecode.c.objc; path = XHGazerSecurityInfoModel.m; sourceTree = "<group>"; };
		690F264923D1597100F1C1F8 /* XHAbyssGazerAgainstDebugTask.m */ = {isa = PBXFileReference; fileEncoding = 4; lastKnownFileType = sourcecode.c.objc; path = XHAbyssGazerAgainstDebugTask.m; sourceTree = "<group>"; };
		690F264A23D1597100F1C1F8 /* XHAbyssGazerAgainstInjectTask.h */ = {isa = PBXFileReference; fileEncoding = 4; lastKnownFileType = sourcecode.c.h; path = XHAbyssGazerAgainstInjectTask.h; sourceTree = "<group>"; };
		690F264B23D1597100F1C1F8 /* XHAbyssGazerTaskProtocol.h */ = {isa = PBXFileReference; fileEncoding = 4; lastKnownFileType = sourcecode.c.h; path = XHAbyssGazerTaskProtocol.h; sourceTree = "<group>"; };
		690F264C23D1597100F1C1F8 /* XHAbyssGazerUtils.h */ = {isa = PBXFileReference; fileEncoding = 4; lastKnownFileType = sourcecode.c.h; path = XHAbyssGazerUtils.h; sourceTree = "<group>"; };
		690F264D23D1597100F1C1F8 /* XHAbyssGazerSecurityTask.m */ = {isa = PBXFileReference; fileEncoding = 4; lastKnownFileType = sourcecode.c.objc; path = XHAbyssGazerSecurityTask.m; sourceTree = "<group>"; };
		690F264E23D1597100F1C1F8 /* XHAbyssGazerAgainstDebugTask.h */ = {isa = PBXFileReference; fileEncoding = 4; lastKnownFileType = sourcecode.c.h; path = XHAbyssGazerAgainstDebugTask.h; sourceTree = "<group>"; };
		690F264F23D1597100F1C1F8 /* XHGazerSecurityInfoModel.h */ = {isa = PBXFileReference; fileEncoding = 4; lastKnownFileType = sourcecode.c.h; path = XHGazerSecurityInfoModel.h; sourceTree = "<group>"; };
		690F265123D1597100F1C1F8 /* XHAbyssGazerTaskEngine.h */ = {isa = PBXFileReference; fileEncoding = 4; lastKnownFileType = sourcecode.c.h; path = XHAbyssGazerTaskEngine.h; sourceTree = "<group>"; };
		690F265223D1597100F1C1F8 /* XHAbyssGazerHooker.m */ = {isa = PBXFileReference; fileEncoding = 4; lastKnownFileType = sourcecode.c.objc; path = XHAbyssGazerHooker.m; sourceTree = "<group>"; };
		690F265323D1597100F1C1F8 /* XHAbyssGazerTaskEngine.m */ = {isa = PBXFileReference; fileEncoding = 4; lastKnownFileType = sourcecode.c.objc; path = XHAbyssGazerTaskEngine.m; sourceTree = "<group>"; };
		690F265423D1597100F1C1F8 /* XHAbyssGazerHooker.h */ = {isa = PBXFileReference; fileEncoding = 4; lastKnownFileType = sourcecode.c.h; path = XHAbyssGazerHooker.h; sourceTree = "<group>"; };
		762BA8741F766DEF94B92413 /* Pods-XHAbyssGazerDemo.debug.xcconfig */ = {isa = PBXFileReference; includeInIndex = 1; lastKnownFileType = text.xcconfig; name = "Pods-XHAbyssGazerDemo.debug.xcconfig"; path = "Target Support Files/Pods-XHAbyssGazerDemo/Pods-XHAbyssGazerDemo.debug.xcconfig"; sourceTree = "<group>"; };
		AF6F8B1EB25F7A51BF3D95F4 /* libPods-XHAbyssGazerDemo.a */ = {isa = PBXFileReference; explicitFileType = archive.ar; includeInIndex = 0; path = "libPods-XHAbyssGazerDemo.a"; sourceTree = BUILT_PRODUCTS_DIR; };
		FC063F07CABA7BAE33678428 /* Pods-XHAbyssGazerDemo.release.xcconfig */ = {isa = PBXFileReference; includeInIndex = 1; lastKnownFileType = text.xcconfig; name = "Pods-XHAbyssGazerDemo.release.xcconfig"; path = "Target Support Files/Pods-XHAbyssGazerDemo/Pods-XHAbyssGazerDemo.release.xcconfig"; sourceTree = "<group>"; };
/* End PBXFileReference section */

/* Begin PBXFrameworksBuildPhase section */
		690F260823D158C900F1C1F8 /* Frameworks */ = {
			isa = PBXFrameworksBuildPhase;
			buildActionMask = 2147483647;
			files = (
				A0A3E5A6E2D6DD247490B849 /* libPods-XHAbyssGazerDemo.a in Frameworks */,
			);
			runOnlyForDeploymentPostprocessing = 0;
		};
		690F262323D158CA00F1C1F8 /* Frameworks */ = {
			isa = PBXFrameworksBuildPhase;
			buildActionMask = 2147483647;
			files = (
			);
			runOnlyForDeploymentPostprocessing = 0;
		};
		690F262E23D158CA00F1C1F8 /* Frameworks */ = {
			isa = PBXFrameworksBuildPhase;
			buildActionMask = 2147483647;
			files = (
			);
			runOnlyForDeploymentPostprocessing = 0;
		};
/* End PBXFrameworksBuildPhase section */

/* Begin PBXGroup section */
		690F260223D158C900F1C1F8 = {
			isa = PBXGroup;
			children = (
				690F264323D1597100F1C1F8 /* AbyssGazer */,
				690F260D23D158C900F1C1F8 /* XHAbyssGazerDemo */,
				690F262923D158CA00F1C1F8 /* XHAbyssGazerDemoTests */,
				690F263423D158CA00F1C1F8 /* XHAbyssGazerDemoUITests */,
				690F260C23D158C900F1C1F8 /* Products */,
				EA9BDD6FB340185B8765BA0B /* Pods */,
				84F3105DDCBA1FBB341F2A5D /* Frameworks */,
			);
			sourceTree = "<group>";
		};
		690F260C23D158C900F1C1F8 /* Products */ = {
			isa = PBXGroup;
			children = (
				690F260B23D158C900F1C1F8 /* XHAbyssGazerDemo.app */,
				690F262623D158CA00F1C1F8 /* XHAbyssGazerDemoTests.xctest */,
				690F263123D158CA00F1C1F8 /* XHAbyssGazerDemoUITests.xctest */,
			);
			name = Products;
			sourceTree = "<group>";
		};
		690F260D23D158C900F1C1F8 /* XHAbyssGazerDemo */ = {
			isa = PBXGroup;
			children = (
				690F260E23D158C900F1C1F8 /* AppDelegate.h */,
				690F260F23D158C900F1C1F8 /* AppDelegate.m */,
				690F261123D158C900F1C1F8 /* SceneDelegate.h */,
				690F261223D158C900F1C1F8 /* SceneDelegate.m */,
				690F261423D158C900F1C1F8 /* ViewController.h */,
				690F261523D158C900F1C1F8 /* ViewController.m */,
				690F261723D158C900F1C1F8 /* Main.storyboard */,
				690F261A23D158CA00F1C1F8 /* Assets.xcassets */,
				690F261C23D158CA00F1C1F8 /* LaunchScreen.storyboard */,
				690F261F23D158CA00F1C1F8 /* Info.plist */,
				690F262023D158CA00F1C1F8 /* main.m */,
			);
			path = XHAbyssGazerDemo;
			sourceTree = "<group>";
		};
		690F262923D158CA00F1C1F8 /* XHAbyssGazerDemoTests */ = {
			isa = PBXGroup;
			children = (
				690F262A23D158CA00F1C1F8 /* XHAbyssGazerDemoTests.m */,
				690F262C23D158CA00F1C1F8 /* Info.plist */,
			);
			path = XHAbyssGazerDemoTests;
			sourceTree = "<group>";
		};
		690F263423D158CA00F1C1F8 /* XHAbyssGazerDemoUITests */ = {
			isa = PBXGroup;
			children = (
				690F263523D158CA00F1C1F8 /* XHAbyssGazerDemoUITests.m */,
				690F263723D158CA00F1C1F8 /* Info.plist */,
			);
			path = XHAbyssGazerDemoUITests;
			sourceTree = "<group>";
		};
		690F264323D1597100F1C1F8 /* AbyssGazer */ = {
			isa = PBXGroup;
			children = (
				690F265023D1597100F1C1F8 /* Engine */,
				690F264423D1597100F1C1F8 /* Task */,
			);
			name = AbyssGazer;
			path = XHAbyssGazerDemo/AbyssGazer;
			sourceTree = "<group>";
		};
		690F264423D1597100F1C1F8 /* Task */ = {
			isa = PBXGroup;
			children = (
				690F264623D1597100F1C1F8 /* XHAbyssGazerSecurityTask.h */,
				690F264D23D1597100F1C1F8 /* XHAbyssGazerSecurityTask.m */,
				690F264E23D1597100F1C1F8 /* XHAbyssGazerAgainstDebugTask.h */,
				690F264923D1597100F1C1F8 /* XHAbyssGazerAgainstDebugTask.m */,
				690F264A23D1597100F1C1F8 /* XHAbyssGazerAgainstInjectTask.h */,
				690F264523D1597100F1C1F8 /* XHAbyssGazerAgainstInjectTask.m */,
				690F264B23D1597100F1C1F8 /* XHAbyssGazerTaskProtocol.h */,
				690F264F23D1597100F1C1F8 /* XHGazerSecurityInfoModel.h */,
				690F264823D1597100F1C1F8 /* XHGazerSecurityInfoModel.m */,
				690F264C23D1597100F1C1F8 /* XHAbyssGazerUtils.h */,
				690F264723D1597100F1C1F8 /* XHAbyssGazerUtils.m */,
			);
			path = Task;
			sourceTree = "<group>";
		};
		690F265023D1597100F1C1F8 /* Engine */ = {
			isa = PBXGroup;
			children = (
				690F265123D1597100F1C1F8 /* XHAbyssGazerTaskEngine.h */,
				690F265323D1597100F1C1F8 /* XHAbyssGazerTaskEngine.m */,
				690F265423D1597100F1C1F8 /* XHAbyssGazerHooker.h */,
				690F265223D1597100F1C1F8 /* XHAbyssGazerHooker.m */,
			);
			path = Engine;
			sourceTree = "<group>";
		};
		84F3105DDCBA1FBB341F2A5D /* Frameworks */ = {
			isa = PBXGroup;
			children = (
				AF6F8B1EB25F7A51BF3D95F4 /* libPods-XHAbyssGazerDemo.a */,
			);
			name = Frameworks;
			sourceTree = "<group>";
		};
		EA9BDD6FB340185B8765BA0B /* Pods */ = {
			isa = PBXGroup;
			children = (
				762BA8741F766DEF94B92413 /* Pods-XHAbyssGazerDemo.debug.xcconfig */,
				FC063F07CABA7BAE33678428 /* Pods-XHAbyssGazerDemo.release.xcconfig */,
			);
			path = Pods;
			sourceTree = "<group>";
		};
/* End PBXGroup section */

/* Begin PBXNativeTarget section */
		690F260A23D158C900F1C1F8 /* XHAbyssGazerDemo */ = {
			isa = PBXNativeTarget;
			buildConfigurationList = 690F263A23D158CA00F1C1F8 /* Build configuration list for PBXNativeTarget "XHAbyssGazerDemo" */;
			buildPhases = (
				75874769E6FDC1AEA6959B45 /* [CP] Check Pods Manifest.lock */,
				690F260723D158C900F1C1F8 /* Sources */,
				690F260823D158C900F1C1F8 /* Frameworks */,
				690F260923D158C900F1C1F8 /* Resources */,
			);
			buildRules = (
			);
			dependencies = (
			);
			name = XHAbyssGazerDemo;
			productName = XHAbyssGazerDemo;
			productReference = 690F260B23D158C900F1C1F8 /* XHAbyssGazerDemo.app */;
			productType = "com.apple.product-type.application";
		};
		690F262523D158CA00F1C1F8 /* XHAbyssGazerDemoTests */ = {
			isa = PBXNativeTarget;
			buildConfigurationList = 690F263D23D158CA00F1C1F8 /* Build configuration list for PBXNativeTarget "XHAbyssGazerDemoTests" */;
			buildPhases = (
				690F262223D158CA00F1C1F8 /* Sources */,
				690F262323D158CA00F1C1F8 /* Frameworks */,
				690F262423D158CA00F1C1F8 /* Resources */,
			);
			buildRules = (
			);
			dependencies = (
				690F262823D158CA00F1C1F8 /* PBXTargetDependency */,
			);
			name = XHAbyssGazerDemoTests;
			productName = XHAbyssGazerDemoTests;
			productReference = 690F262623D158CA00F1C1F8 /* XHAbyssGazerDemoTests.xctest */;
			productType = "com.apple.product-type.bundle.unit-test";
		};
		690F263023D158CA00F1C1F8 /* XHAbyssGazerDemoUITests */ = {
			isa = PBXNativeTarget;
			buildConfigurationList = 690F264023D158CA00F1C1F8 /* Build configuration list for PBXNativeTarget "XHAbyssGazerDemoUITests" */;
			buildPhases = (
				690F262D23D158CA00F1C1F8 /* Sources */,
				690F262E23D158CA00F1C1F8 /* Frameworks */,
				690F262F23D158CA00F1C1F8 /* Resources */,
			);
			buildRules = (
			);
			dependencies = (
				690F263323D158CA00F1C1F8 /* PBXTargetDependency */,
			);
			name = XHAbyssGazerDemoUITests;
			productName = XHAbyssGazerDemoUITests;
			productReference = 690F263123D158CA00F1C1F8 /* XHAbyssGazerDemoUITests.xctest */;
			productType = "com.apple.product-type.bundle.ui-testing";
		};
/* End PBXNativeTarget section */

/* Begin PBXProject section */
		690F260323D158C900F1C1F8 /* Project object */ = {
			isa = PBXProject;
			attributes = {
				LastUpgradeCheck = 1130;
				ORGANIZATIONNAME = xhh;
				TargetAttributes = {
					690F260A23D158C900F1C1F8 = {
						CreatedOnToolsVersion = 11.3;
					};
					690F262523D158CA00F1C1F8 = {
						CreatedOnToolsVersion = 11.3;
						TestTargetID = 690F260A23D158C900F1C1F8;
					};
					690F263023D158CA00F1C1F8 = {
						CreatedOnToolsVersion = 11.3;
						TestTargetID = 690F260A23D158C900F1C1F8;
					};
				};
			};
			buildConfigurationList = 690F260623D158C900F1C1F8 /* Build configuration list for PBXProject "XHAbyssGazerDemo" */;
			compatibilityVersion = "Xcode 9.3";
			developmentRegion = en;
			hasScannedForEncodings = 0;
			knownRegions = (
				en,
				Base,
			);
			mainGroup = 690F260223D158C900F1C1F8;
			productRefGroup = 690F260C23D158C900F1C1F8 /* Products */;
			projectDirPath = "";
			projectRoot = "";
			targets = (
				690F260A23D158C900F1C1F8 /* XHAbyssGazerDemo */,
				690F262523D158CA00F1C1F8 /* XHAbyssGazerDemoTests */,
				690F263023D158CA00F1C1F8 /* XHAbyssGazerDemoUITests */,
			);
		};
/* End PBXProject section */

/* Begin PBXResourcesBuildPhase section */
		690F260923D158C900F1C1F8 /* Resources */ = {
			isa = PBXResourcesBuildPhase;
			buildActionMask = 2147483647;
			files = (
				690F261E23D158CA00F1C1F8 /* LaunchScreen.storyboard in Resources */,
				690F261B23D158CA00F1C1F8 /* Assets.xcassets in Resources */,
				690F261923D158C900F1C1F8 /* Main.storyboard in Resources */,
			);
			runOnlyForDeploymentPostprocessing = 0;
		};
		690F262423D158CA00F1C1F8 /* Resources */ = {
			isa = PBXResourcesBuildPhase;
			buildActionMask = 2147483647;
			files = (
			);
			runOnlyForDeploymentPostprocessing = 0;
		};
		690F262F23D158CA00F1C1F8 /* Resources */ = {
			isa = PBXResourcesBuildPhase;
			buildActionMask = 2147483647;
			files = (
			);
			runOnlyForDeploymentPostprocessing = 0;
		};
/* End PBXResourcesBuildPhase section */

/* Begin PBXShellScriptBuildPhase section */
		75874769E6FDC1AEA6959B45 /* [CP] Check Pods Manifest.lock */ = {
			isa = PBXShellScriptBuildPhase;
			buildActionMask = 2147483647;
			files = (
			);
			inputFileListPaths = (
			);
			inputPaths = (
				"${PODS_PODFILE_DIR_PATH}/Podfile.lock",
				"${PODS_ROOT}/Manifest.lock",
			);
			name = "[CP] Check Pods Manifest.lock";
			outputFileListPaths = (
			);
			outputPaths = (
				"$(DERIVED_FILE_DIR)/Pods-XHAbyssGazerDemo-checkManifestLockResult.txt",
			);
			runOnlyForDeploymentPostprocessing = 0;
			shellPath = /bin/sh;
			shellScript = "diff \"${PODS_PODFILE_DIR_PATH}/Podfile.lock\" \"${PODS_ROOT}/Manifest.lock\" > /dev/null\nif [ $? != 0 ] ; then\n    # print error to STDERR\n    echo \"error: The sandbox is not in sync with the Podfile.lock. Run 'pod install' or update your CocoaPods installation.\" >&2\n    exit 1\nfi\n# This output is used by Xcode 'outputs' to avoid re-running this script phase.\necho \"SUCCESS\" > \"${SCRIPT_OUTPUT_FILE_0}\"\n";
			showEnvVarsInLog = 0;
		};
/* End PBXShellScriptBuildPhase section */

/* Begin PBXSourcesBuildPhase section */
		690F260723D158C900F1C1F8 /* Sources */ = {
			isa = PBXSourcesBuildPhase;
			buildActionMask = 2147483647;
			files = (
				690F265B23D1597100F1C1F8 /* XHAbyssGazerTaskEngine.m in Sources */,
				690F265923D1597100F1C1F8 /* XHAbyssGazerSecurityTask.m in Sources */,
				690F265623D1597100F1C1F8 /* XHAbyssGazerUtils.m in Sources */,
				690F265A23D1597100F1C1F8 /* XHAbyssGazerHooker.m in Sources */,
				690F261623D158C900F1C1F8 /* ViewController.m in Sources */,
				690F261023D158C900F1C1F8 /* AppDelegate.m in Sources */,
				690F262123D158CA00F1C1F8 /* main.m in Sources */,
				690F261323D158C900F1C1F8 /* SceneDelegate.m in Sources */,
				690F265823D1597100F1C1F8 /* XHAbyssGazerAgainstDebugTask.m in Sources */,
				690F265723D1597100F1C1F8 /* XHGazerSecurityInfoModel.m in Sources */,
				690F265523D1597100F1C1F8 /* XHAbyssGazerAgainstInjectTask.m in Sources */,
			);
			runOnlyForDeploymentPostprocessing = 0;
		};
		690F262223D158CA00F1C1F8 /* Sources */ = {
			isa = PBXSourcesBuildPhase;
			buildActionMask = 2147483647;
			files = (
				690F262B23D158CA00F1C1F8 /* XHAbyssGazerDemoTests.m in Sources */,
			);
			runOnlyForDeploymentPostprocessing = 0;
		};
		690F262D23D158CA00F1C1F8 /* Sources */ = {
			isa = PBXSourcesBuildPhase;
			buildActionMask = 2147483647;
			files = (
				690F263623D158CA00F1C1F8 /* XHAbyssGazerDemoUITests.m in Sources */,
			);
			runOnlyForDeploymentPostprocessing = 0;
		};
/* End PBXSourcesBuildPhase section */

/* Begin PBXTargetDependency section */
		690F262823D158CA00F1C1F8 /* PBXTargetDependency */ = {
			isa = PBXTargetDependency;
			target = 690F260A23D158C900F1C1F8 /* XHAbyssGazerDemo */;
			targetProxy = 690F262723D158CA00F1C1F8 /* PBXContainerItemProxy */;
		};
		690F263323D158CA00F1C1F8 /* PBXTargetDependency */ = {
			isa = PBXTargetDependency;
			target = 690F260A23D158C900F1C1F8 /* XHAbyssGazerDemo */;
			targetProxy = 690F263223D158CA00F1C1F8 /* PBXContainerItemProxy */;
		};
/* End PBXTargetDependency section */

/* Begin PBXVariantGroup section */
		690F261723D158C900F1C1F8 /* Main.storyboard */ = {
			isa = PBXVariantGroup;
			children = (
				690F261823D158C900F1C1F8 /* Base */,
			);
			name = Main.storyboard;
			sourceTree = "<group>";
		};
		690F261C23D158CA00F1C1F8 /* LaunchScreen.storyboard */ = {
			isa = PBXVariantGroup;
			children = (
				690F261D23D158CA00F1C1F8 /* Base */,
			);
			name = LaunchScreen.storyboard;
			sourceTree = "<group>";
		};
/* End PBXVariantGroup section */

/* Begin XCBuildConfiguration section */
		690F263823D158CA00F1C1F8 /* Debug */ = {
			isa = XCBuildConfiguration;
			buildSettings = {
				ALWAYS_SEARCH_USER_PATHS = NO;
				CLANG_ANALYZER_NONNULL = YES;
				CLANG_ANALYZER_NUMBER_OBJECT_CONVERSION = YES_AGGRESSIVE;
				CLANG_CXX_LANGUAGE_STANDARD = "gnu++14";
				CLANG_CXX_LIBRARY = "libc++";
				CLANG_ENABLE_MODULES = YES;
				CLANG_ENABLE_OBJC_ARC = YES;
				CLANG_ENABLE_OBJC_WEAK = YES;
				CLANG_WARN_BLOCK_CAPTURE_AUTORELEASING = YES;
				CLANG_WARN_BOOL_CONVERSION = YES;
				CLANG_WARN_COMMA = YES;
				CLANG_WARN_CONSTANT_CONVERSION = YES;
				CLANG_WARN_DEPRECATED_OBJC_IMPLEMENTATIONS = YES;
				CLANG_WARN_DIRECT_OBJC_ISA_USAGE = YES_ERROR;
				CLANG_WARN_DOCUMENTATION_COMMENTS = YES;
				CLANG_WARN_EMPTY_BODY = YES;
				CLANG_WARN_ENUM_CONVERSION = YES;
				CLANG_WARN_INFINITE_RECURSION = YES;
				CLANG_WARN_INT_CONVERSION = YES;
				CLANG_WARN_NON_LITERAL_NULL_CONVERSION = YES;
				CLANG_WARN_OBJC_IMPLICIT_RETAIN_SELF = YES;
				CLANG_WARN_OBJC_LITERAL_CONVERSION = YES;
				CLANG_WARN_OBJC_ROOT_CLASS = YES_ERROR;
				CLANG_WARN_RANGE_LOOP_ANALYSIS = YES;
				CLANG_WARN_STRICT_PROTOTYPES = YES;
				CLANG_WARN_SUSPICIOUS_MOVE = YES;
				CLANG_WARN_UNGUARDED_AVAILABILITY = YES_AGGRESSIVE;
				CLANG_WARN_UNREACHABLE_CODE = YES;
				CLANG_WARN__DUPLICATE_METHOD_MATCH = YES;
				COPY_PHASE_STRIP = NO;
				DEBUG_INFORMATION_FORMAT = dwarf;
				ENABLE_STRICT_OBJC_MSGSEND = YES;
				ENABLE_TESTABILITY = YES;
				GCC_C_LANGUAGE_STANDARD = gnu11;
				GCC_DYNAMIC_NO_PIC = NO;
				GCC_NO_COMMON_BLOCKS = YES;
				GCC_OPTIMIZATION_LEVEL = 0;
				GCC_PREPROCESSOR_DEFINITIONS = (
					"DEBUG=1",
					"$(inherited)",
				);
				GCC_WARN_64_TO_32_BIT_CONVERSION = YES;
				GCC_WARN_ABOUT_RETURN_TYPE = YES_ERROR;
				GCC_WARN_UNDECLARED_SELECTOR = YES;
				GCC_WARN_UNINITIALIZED_AUTOS = YES_AGGRESSIVE;
				GCC_WARN_UNUSED_FUNCTION = YES;
				GCC_WARN_UNUSED_VARIABLE = YES;
				IPHONEOS_DEPLOYMENT_TARGET = 13.2;
				MTL_ENABLE_DEBUG_INFO = INCLUDE_SOURCE;
				MTL_FAST_MATH = YES;
				ONLY_ACTIVE_ARCH = YES;
				SDKROOT = iphoneos;
			};
			name = Debug;
		};
		690F263923D158CA00F1C1F8 /* Release */ = {
			isa = XCBuildConfiguration;
			buildSettings = {
				ALWAYS_SEARCH_USER_PATHS = NO;
				CLANG_ANALYZER_NONNULL = YES;
				CLANG_ANALYZER_NUMBER_OBJECT_CONVERSION = YES_AGGRESSIVE;
				CLANG_CXX_LANGUAGE_STANDARD = "gnu++14";
				CLANG_CXX_LIBRARY = "libc++";
				CLANG_ENABLE_MODULES = YES;
				CLANG_ENABLE_OBJC_ARC = YES;
				CLANG_ENABLE_OBJC_WEAK = YES;
				CLANG_WARN_BLOCK_CAPTURE_AUTORELEASING = YES;
				CLANG_WARN_BOOL_CONVERSION = YES;
				CLANG_WARN_COMMA = YES;
				CLANG_WARN_CONSTANT_CONVERSION = YES;
				CLANG_WARN_DEPRECATED_OBJC_IMPLEMENTATIONS = YES;
				CLANG_WARN_DIRECT_OBJC_ISA_USAGE = YES_ERROR;
				CLANG_WARN_DOCUMENTATION_COMMENTS = YES;
				CLANG_WARN_EMPTY_BODY = YES;
				CLANG_WARN_ENUM_CONVERSION = YES;
				CLANG_WARN_INFINITE_RECURSION = YES;
				CLANG_WARN_INT_CONVERSION = YES;
				CLANG_WARN_NON_LITERAL_NULL_CONVERSION = YES;
				CLANG_WARN_OBJC_IMPLICIT_RETAIN_SELF = YES;
				CLANG_WARN_OBJC_LITERAL_CONVERSION = YES;
				CLANG_WARN_OBJC_ROOT_CLASS = YES_ERROR;
				CLANG_WARN_RANGE_LOOP_ANALYSIS = YES;
				CLANG_WARN_STRICT_PROTOTYPES = YES;
				CLANG_WARN_SUSPICIOUS_MOVE = YES;
				CLANG_WARN_UNGUARDED_AVAILABILITY = YES_AGGRESSIVE;
				CLANG_WARN_UNREACHABLE_CODE = YES;
				CLANG_WARN__DUPLICATE_METHOD_MATCH = YES;
				COPY_PHASE_STRIP = NO;
				DEBUG_INFORMATION_FORMAT = "dwarf-with-dsym";
				ENABLE_NS_ASSERTIONS = NO;
				ENABLE_STRICT_OBJC_MSGSEND = YES;
				GCC_C_LANGUAGE_STANDARD = gnu11;
				GCC_NO_COMMON_BLOCKS = YES;
				GCC_WARN_64_TO_32_BIT_CONVERSION = YES;
				GCC_WARN_ABOUT_RETURN_TYPE = YES_ERROR;
				GCC_WARN_UNDECLARED_SELECTOR = YES;
				GCC_WARN_UNINITIALIZED_AUTOS = YES_AGGRESSIVE;
				GCC_WARN_UNUSED_FUNCTION = YES;
				GCC_WARN_UNUSED_VARIABLE = YES;
				IPHONEOS_DEPLOYMENT_TARGET = 13.2;
				MTL_ENABLE_DEBUG_INFO = NO;
				MTL_FAST_MATH = YES;
				SDKROOT = iphoneos;
				VALIDATE_PRODUCT = YES;
			};
			name = Release;
		};
		690F263B23D158CA00F1C1F8 /* Debug */ = {
			isa = XCBuildConfiguration;
			baseConfigurationReference = 762BA8741F766DEF94B92413 /* Pods-XHAbyssGazerDemo.debug.xcconfig */;
			buildSettings = {
				ASSETCATALOG_COMPILER_APPICON_NAME = AppIcon;
				CODE_SIGN_STYLE = Automatic;
				DEVELOPMENT_TEAM = NT23934MM2;
				INFOPLIST_FILE = XHAbyssGazerDemo/Info.plist;
				LD_RUNPATH_SEARCH_PATHS = (
					"$(inherited)",
					"@executable_path/Frameworks",
				);
				PRODUCT_BUNDLE_IDENTIFIER = xhh.XHAbyssGazerDemo;
				PRODUCT_NAME = "$(TARGET_NAME)";
				TARGETED_DEVICE_FAMILY = "1,2";
			};
			name = Debug;
		};
		690F263C23D158CA00F1C1F8 /* Release */ = {
			isa = XCBuildConfiguration;
			baseConfigurationReference = FC063F07CABA7BAE33678428 /* Pods-XHAbyssGazerDemo.release.xcconfig */;
			buildSettings = {
				ASSETCATALOG_COMPILER_APPICON_NAME = AppIcon;
				CODE_SIGN_STYLE = Automatic;
				DEVELOPMENT_TEAM = NT23934MM2;
				INFOPLIST_FILE = XHAbyssGazerDemo/Info.plist;
				LD_RUNPATH_SEARCH_PATHS = (
					"$(inherited)",
					"@executable_path/Frameworks",
				);
				PRODUCT_BUNDLE_IDENTIFIER = xhh.XHAbyssGazerDemo;
				PRODUCT_NAME = "$(TARGET_NAME)";
				TARGETED_DEVICE_FAMILY = "1,2";
			};
			name = Release;
		};
		690F263E23D158CA00F1C1F8 /* Debug */ = {
			isa = XCBuildConfiguration;
			buildSettings = {
				BUNDLE_LOADER = "$(TEST_HOST)";
				CODE_SIGN_STYLE = Automatic;
				DEVELOPMENT_TEAM = NT23934MM2;
				INFOPLIST_FILE = XHAbyssGazerDemoTests/Info.plist;
				IPHONEOS_DEPLOYMENT_TARGET = 13.2;
				LD_RUNPATH_SEARCH_PATHS = (
					"$(inherited)",
					"@executable_path/Frameworks",
					"@loader_path/Frameworks",
				);
				PRODUCT_BUNDLE_IDENTIFIER = xhh.XHAbyssGazerDemoTests;
				PRODUCT_NAME = "$(TARGET_NAME)";
				TARGETED_DEVICE_FAMILY = "1,2";
				TEST_HOST = "$(BUILT_PRODUCTS_DIR)/XHAbyssGazerDemo.app/XHAbyssGazerDemo";
			};
			name = Debug;
		};
		690F263F23D158CA00F1C1F8 /* Release */ = {
			isa = XCBuildConfiguration;
			buildSettings = {
				BUNDLE_LOADER = "$(TEST_HOST)";
				CODE_SIGN_STYLE = Automatic;
				DEVELOPMENT_TEAM = NT23934MM2;
				INFOPLIST_FILE = XHAbyssGazerDemoTests/Info.plist;
				IPHONEOS_DEPLOYMENT_TARGET = 13.2;
				LD_RUNPATH_SEARCH_PATHS = (
					"$(inherited)",
					"@executable_path/Frameworks",
					"@loader_path/Frameworks",
				);
				PRODUCT_BUNDLE_IDENTIFIER = xhh.XHAbyssGazerDemoTests;
				PRODUCT_NAME = "$(TARGET_NAME)";
				TARGETED_DEVICE_FAMILY = "1,2";
				TEST_HOST = "$(BUILT_PRODUCTS_DIR)/XHAbyssGazerDemo.app/XHAbyssGazerDemo";
			};
			name = Release;
		};
		690F264123D158CA00F1C1F8 /* Debug */ = {
			isa = XCBuildConfiguration;
			buildSettings = {
				CODE_SIGN_STYLE = Automatic;
				DEVELOPMENT_TEAM = NT23934MM2;
				INFOPLIST_FILE = XHAbyssGazerDemoUITests/Info.plist;
				LD_RUNPATH_SEARCH_PATHS = (
					"$(inherited)",
					"@executable_path/Frameworks",
					"@loader_path/Frameworks",
				);
				PRODUCT_BUNDLE_IDENTIFIER = xhh.XHAbyssGazerDemoUITests;
				PRODUCT_NAME = "$(TARGET_NAME)";
				TARGETED_DEVICE_FAMILY = "1,2";
				TEST_TARGET_NAME = XHAbyssGazerDemo;
			};
			name = Debug;
		};
		690F264223D158CA00F1C1F8 /* Release */ = {
			isa = XCBuildConfiguration;
			buildSettings = {
				CODE_SIGN_STYLE = Automatic;
				DEVELOPMENT_TEAM = NT23934MM2;
				INFOPLIST_FILE = XHAbyssGazerDemoUITests/Info.plist;
				LD_RUNPATH_SEARCH_PATHS = (
					"$(inherited)",
					"@executable_path/Frameworks",
					"@loader_path/Frameworks",
				);
				PRODUCT_BUNDLE_IDENTIFIER = xhh.XHAbyssGazerDemoUITests;
				PRODUCT_NAME = "$(TARGET_NAME)";
				TARGETED_DEVICE_FAMILY = "1,2";
				TEST_TARGET_NAME = XHAbyssGazerDemo;
			};
			name = Release;
		};
/* End XCBuildConfiguration section */

/* Begin XCConfigurationList section */
		690F260623D158C900F1C1F8 /* Build configuration list for PBXProject "XHAbyssGazerDemo" */ = {
			isa = XCConfigurationList;
			buildConfigurations = (
				690F263823D158CA00F1C1F8 /* Debug */,
				690F263923D158CA00F1C1F8 /* Release */,
			);
			defaultConfigurationIsVisible = 0;
			defaultConfigurationName = Release;
		};
		690F263A23D158CA00F1C1F8 /* Build configuration list for PBXNativeTarget "XHAbyssGazerDemo" */ = {
			isa = XCConfigurationList;
			buildConfigurations = (
				690F263B23D158CA00F1C1F8 /* Debug */,
				690F263C23D158CA00F1C1F8 /* Release */,
			);
			defaultConfigurationIsVisible = 0;
			defaultConfigurationName = Release;
		};
		690F263D23D158CA00F1C1F8 /* Build configuration list for PBXNativeTarget "XHAbyssGazerDemoTests" */ = {
			isa = XCConfigurationList;
			buildConfigurations = (
				690F263E23D158CA00F1C1F8 /* Debug */,
				690F263F23D158CA00F1C1F8 /* Release */,
			);
			defaultConfigurationIsVisible = 0;
			defaultConfigurationName = Release;
		};
		690F264023D158CA00F1C1F8 /* Build configuration list for PBXNativeTarget "XHAbyssGazerDemoUITests" */ = {
			isa = XCConfigurationList;
			buildConfigurations = (
				690F264123D158CA00F1C1F8 /* Debug */,
				690F264223D158CA00F1C1F8 /* Release */,
			);
			defaultConfigurationIsVisible = 0;
			defaultConfigurationName = Release;
		};
/* End XCConfigurationList section */
	};
	rootObject = 690F260323D158C900F1C1F8 /* Project object */;
}
